
Microsoft Visual Studio Solution File, Format Version 12.00
# Visual Studio 2015
Project("{FAE04EC0-301F-11D3-BF4B-00C04F79EFBC}") = "Camp.Plugins", "Camp.Plugins.csproj", "{60A56DD6-073C-3FF4-BDF0-F85A521A7CEF}"
EndProject
Project("{FAE04EC0-301F-11D3-BF4B-00C04F79EFBC}") = "Camp", "Camp.csproj", "{5759919F-4318-5086-0FA2-F69E9563A31E}"
EndProject
Project("{FAE04EC0-301F-11D3-BF4B-00C04F79EFBC}") = "Camp.Editor.Plugins", "Camp.Editor.Plugins.csproj", "{2DF2D0BD-BF39-5004-758C-73D48FFEA09F}"
EndProject
Global
	GlobalSection(SolutionConfigurationPlatforms) = preSolution
		Debug|Any CPU = Debug|Any CPU
		Release|Any CPU = Release|Any CPU
	EndGlobalSection
	GlobalSection(ProjectConfigurationPlatforms) = postSolution
		{60A56DD6-073C-3FF4-BDF0-F85A521A7CEF}.Debug|Any CPU.ActiveCfg = Debug|Any CPU
		{60A56DD6-073C-3FF4-BDF0-F85A521A7CEF}.Debug|Any CPU.Build.0 = Debug|Any CPU
		{60A56DD6-073C-3FF4-BDF0-F85A521A7CEF}.Release|Any CPU.ActiveCfg = Release|Any CPU
		{60A56DD6-073C-3FF4-BDF0-F85A521A7CEF}.Release|Any CPU.Build.0 = Release|Any CPU
		{5759919F-4318-5086-0FA2-F69E9563A31E}.Debug|Any CPU.ActiveCfg = Debug|Any CPU
		{5759919F-4318-5086-0FA2-F69E9563A31E}.Debug|Any CPU.Build.0 = Debug|Any CPU
		{5759919F-4318-5086-0FA2-F69E9563A31E}.Release|Any CPU.ActiveCfg = Release|Any CPU
		{5759919F-4318-5086-0FA2-F69E9563A31E}.Release|Any CPU.Build.0 = Release|Any CPU
		{2DF2D0BD-BF39-5004-758C-73D48FFEA09F}.Debug|Any CPU.ActiveCfg = Debug|Any CPU
		{2DF2D0BD-BF39-5004-758C-73D48FFEA09F}.Debug|Any CPU.Build.0 = Debug|Any CPU
		{2DF2D0BD-BF39-5004-758C-73D48FFEA09F}.Release|Any CPU.ActiveCfg = Release|Any CPU
		{2DF2D0BD-BF39-5004-758C-73D48FFEA09F}.Release|Any CPU.Build.0 = Release|Any CPU
	EndGlobalSection
	GlobalSection(SolutionProperties) = preSolution
		HideSolutionNode = FALSE
	EndGlobalSection
EndGlobal
